
Microsoft Visual Studio Solution File, Format Version 12.00
# Visual Studio 15
VisualStudioVersion = 15.0.27004.2010
MinimumVisualStudioVersion = 10.0.40219.1
Project("{FAE04EC0-301F-11D3-BF4B-00C04F79EFBC}") = "Tasks", "Tasks\Tasks.csproj", "{0025D037-AE49-4269-8D52-86951F05BAFE}"
EndProject
Global
	GlobalSection(SolutionConfigurationPlatforms) = preSolution
		Debug|Any CPU = Debug|Any CPU
		Release|Any CPU = Release|Any CPU
	EndGlobalSection
	GlobalSection(ProjectConfigurationPlatforms) = postSolution
		{0025D037-AE49-4269-8D52-86951F05BAFE}.Debug|Any CPU.ActiveCfg = Debug|Any CPU
		{0025D037-AE49-4269-8D52-86951F05BAFE}.Debug|Any CPU.Build.0 = Debug|Any CPU
		{0025D037-AE49-4269-8D52-86951F05BAFE}.Release|Any CPU.ActiveCfg = Release|Any CPU
		{0025D037-AE49-4269-8D52-86951F05BAFE}.Release|Any CPU.Build.0 = Release|Any CPU
	EndGlobalSection
	GlobalSection(SolutionProperties) = preSolution
		HideSolutionNode = FALSE
	EndGlobalSection
	GlobalSection(ExtensibilityGlobals) = postSolution
		SolutionGuid = {F858D971-248D-40EA-9CC5-382117115FA0}
	EndGlobalSection
EndGlobal
